{
  "name": "Proyecto-5-10",
  "lockfileVersion": 3,
  "requires": true,
  "packages": {
    "test": "mkdir Nuevacarpeta",
    "Sobreviviendo": "mkdir Sobreviviendo",
    "start": "node --watch EJercicios22.js"
  },
  "author": "Nehuen Barrios",
  "license": "ISC",
  "dependencia": {
    "axios": "^1.9.0",
    "dolar": "^0.0.6"
  }
}

